
Microsoft Visual Studio Solution File, Format Version 12.00
# Visual Studio Version 16
VisualStudioVersion = 16.0.31129.286
MinimumVisualStudioVersion = 10.0.40219.1
Project("{FAE04EC0-301F-11D3-BF4B-00C04F79EFBC}") = "Zad1", "Zad1\Zad1.csproj", "{EC6D403A-E3DD-4970-82DC-1AD9701AE1CA}"
EndProject
Global
	GlobalSection(SolutionConfigurationPlatforms) = preSolution
		Debug|Any CPU = Debug|Any CPU
		Release|Any CPU = Release|Any CPU
	EndGlobalSection
	GlobalSection(ProjectConfigurationPlatforms) = postSolution
		{EC6D403A-E3DD-4970-82DC-1AD9701AE1CA}.Debug|Any CPU.ActiveCfg = Debug|Any CPU
		{EC6D403A-E3DD-4970-82DC-1AD9701AE1CA}.Debug|Any CPU.Build.0 = Debug|Any CPU
		{EC6D403A-E3DD-4970-82DC-1AD9701AE1CA}.Release|Any CPU.ActiveCfg = Release|Any CPU
		{EC6D403A-E3DD-4970-82DC-1AD9701AE1CA}.Release|Any CPU.Build.0 = Release|Any CPU
	EndGlobalSection
	GlobalSection(SolutionProperties) = preSolution
		HideSolutionNode = FALSE
	EndGlobalSection
	GlobalSection(ExtensibilityGlobals) = postSolution
		SolutionGuid = {EC6103EF-C7D6-4675-BA04-37A4A90298A8}
	EndGlobalSection
EndGlobal
